
Microsoft Visual Studio Solution File, Format Version 12.00
# Visual Studio 2012
Project("{FAE04EC0-301F-11D3-BF4B-00C04F79EFBC}") = "BowlingLibraryFixtures", "BowlingLibraryFixtures\BowlingLibraryFixtures.csproj", "{AB3E9EA6-2B67-46B7-9FCE-D7791803F460}"
EndProject
Project("{FAE04EC0-301F-11D3-BF4B-00C04F79EFBC}") = "BowlingLibrary", "BowlingLibrary\BowlingLibrary.csproj", "{FA0929F3-F592-4CF1-A47A-2B3291CE8D07}"
EndProject
Global
	GlobalSection(SolutionConfigurationPlatforms) = preSolution
		Debug|Any CPU = Debug|Any CPU
		Release|Any CPU = Release|Any CPU
	EndGlobalSection
	GlobalSection(ProjectConfigurationPlatforms) = postSolution
		{AB3E9EA6-2B67-46B7-9FCE-D7791803F460}.Debug|Any CPU.ActiveCfg = Debug|Any CPU
		{AB3E9EA6-2B67-46B7-9FCE-D7791803F460}.Debug|Any CPU.Build.0 = Debug|Any CPU
		{AB3E9EA6-2B67-46B7-9FCE-D7791803F460}.Release|Any CPU.ActiveCfg = Release|Any CPU
		{AB3E9EA6-2B67-46B7-9FCE-D7791803F460}.Release|Any CPU.Build.0 = Release|Any CPU
		{FA0929F3-F592-4CF1-A47A-2B3291CE8D07}.Debug|Any CPU.ActiveCfg = Debug|Any CPU
		{FA0929F3-F592-4CF1-A47A-2B3291CE8D07}.Debug|Any CPU.Build.0 = Debug|Any CPU
		{FA0929F3-F592-4CF1-A47A-2B3291CE8D07}.Release|Any CPU.ActiveCfg = Release|Any CPU
		{FA0929F3-F592-4CF1-A47A-2B3291CE8D07}.Release|Any CPU.Build.0 = Release|Any CPU
	EndGlobalSection
	GlobalSection(SolutionProperties) = preSolution
		HideSolutionNode = FALSE
	EndGlobalSection
EndGlobal
